{
  "name": "async-stacktrace",
  "version": "0.0.2",
  "lockfileVersion": 2,
  "requires": true,
  "packages": {
    "": {
      "version": "0.0.2",
      "license": "MIT",
      "devDependencies": {
        "vows": "0.6.0"
      }
    },
    "node_modules/eyes": {
      "version": "0.1.8",
      "resolved": "https://registry.npmjs.org/eyes/-/eyes-0.1.8.tgz",
      "integrity": "sha1-Ys8SAjTGg3hdkCNIqADvPgzCC8A=",
      "dev": true,
      "engines": {
        "node": "> 0.1.90"
      }
    },
    "node_modules/vows": {
      "version": "0.6.0",
      "resolved": "https://registry.npmjs.org/vows/-/vows-0.6.0.tgz",
      "integrity": "sha1-vi8GgAnTmjezevhcKfqG2Fc9tDE=",
      "dev": true,
      "dependencies": {
        "eyes": ">=0.1.6"
      },
      "bin": {
        "vows": "bin/vows"
      },
      "engines": {
        "node": ">=0.2.6"
      }
    }
  },
  "dependencies": {
    "eyes": {
      "version": "0.1.8",
      "resolved": "https://registry.npmjs.org/eyes/-/eyes-0.1.8.tgz",
      "integrity": "sha1-Ys8SAjTGg3hdkCNIqADvPgzCC8A=",
      "dev": true
    },
    "vows": {
      "version": "0.6.0",
      "resolved": "https://registry.npmjs.org/vows/-/vows-0.6.0.tgz",
      "integrity": "sha1-vi8GgAnTmjezevhcKfqG2Fc9tDE=",
      "dev": true,
      "requires": {
        "eyes": ">=0.1.6"
      }
    }
  }
}
